// !$*UTF8*$!
{
	archiveVersion = 1;
	classes = {
	};
	objectVersion = 56;
	objects = {

/* Begin PBXBuildFile section */
		7963653962A62F63E3A8D347 /* Pods_MovieSearch_MVI.framework in Frameworks */ = {isa = PBXBuildFile; fileRef = 32C27A800E3183F7DC4A7225 /* Pods_MovieSearch_MVI.framework */; };
		E02701052985D62700A0B9BE /* Apis.swift in Sources */ = {isa = PBXBuildFile; fileRef = E02701042985D62700A0B9BE /* Apis.swift */; };
		E05F47D82985D3F600CAAFC7 /* ClubDetailPageModel.swift in Sources */ = {isa = PBXBuildFile; fileRef = E05F47D72985D3F600CAAFC7 /* ClubDetailPageModel.swift */; };
		E05F47DA2985D42300CAAFC7 /* CommonModel.swift in Sources */ = {isa = PBXBuildFile; fileRef = E05F47D92985D42300CAAFC7 /* CommonModel.swift */; };
		E0C7EEEF2985E5820025B4A5 /* DefineUrl.swift in Sources */ = {isa = PBXBuildFile; fileRef = E0C7EEEE2985E5820025B4A5 /* DefineUrl.swift */; };
		E0C7EEF12985E5F60025B4A5 /* TransModel.swift in Sources */ = {isa = PBXBuildFile; fileRef = E0C7EEF02985E5F60025B4A5 /* TransModel.swift */; };
		E0C7EEF62985E67A0025B4A5 /* DefineKey.swift in Sources */ = {isa = PBXBuildFile; fileRef = E0C7EEF52985E67A0025B4A5 /* DefineKey.swift */; };
		E0C7EF032985ED680025B4A5 /* CommonFunction.swift in Sources */ = {isa = PBXBuildFile; fileRef = E0C7EF022985ED680025B4A5 /* CommonFunction.swift */; };
		E0C7EF062985EFBA0025B4A5 /* LanguageManager.swift in Sources */ = {isa = PBXBuildFile; fileRef = E0C7EF052985EFBA0025B4A5 /* LanguageManager.swift */; };
		E0C7EF082985EFEA0025B4A5 /* DefineEnum.swift in Sources */ = {isa = PBXBuildFile; fileRef = E0C7EF072985EFEA0025B4A5 /* DefineEnum.swift */; };
		E0C7EF0A2985F01E0025B4A5 /* Apis+DetailPage.swift in Sources */ = {isa = PBXBuildFile; fileRef = E0C7EF092985F01E0025B4A5 /* Apis+DetailPage.swift */; };
		E0C7EF0C2985F06A0025B4A5 /* ApiControl.swift in Sources */ = {isa = PBXBuildFile; fileRef = E0C7EF0B2985F06A0025B4A5 /* ApiControl.swift */; };
		E0C7EF112985F1260025B4A5 /* ConfigModel.swift in Sources */ = {isa = PBXBuildFile; fileRef = E0C7EF102985F1260025B4A5 /* ConfigModel.swift */; };
		E0DA125D2985F5C900616579 /* ApiControl+DetailPage.swift in Sources */ = {isa = PBXBuildFile; fileRef = E0DA125C2985F5C900616579 /* ApiControl+DetailPage.swift */; };
		E0DA125F2985F76400616579 /* TestViewModel.swift in Sources */ = {isa = PBXBuildFile; fileRef = E0DA125E2985F76400616579 /* TestViewModel.swift */; };
		E0FBF6482985B515004B3937 /* MovieSearch_MVIApp.swift in Sources */ = {isa = PBXBuildFile; fileRef = E0FBF6472985B515004B3937 /* MovieSearch_MVIApp.swift */; };
		E0FBF64A2985B515004B3937 /* ContentView.swift in Sources */ = {isa = PBXBuildFile; fileRef = E0FBF6492985B515004B3937 /* ContentView.swift */; };
		E0FBF64C2985B515004B3937 /* Assets.xcassets in Resources */ = {isa = PBXBuildFile; fileRef = E0FBF64B2985B515004B3937 /* Assets.xcassets */; };
		E0FBF6502985B515004B3937 /* Preview Assets.xcassets in Resources */ = {isa = PBXBuildFile; fileRef = E0FBF64F2985B515004B3937 /* Preview Assets.xcassets */; };
/* End PBXBuildFile section */

/* Begin PBXFileReference section */
		32C27A800E3183F7DC4A7225 /* Pods_MovieSearch_MVI.framework */ = {isa = PBXFileReference; explicitFileType = wrapper.framework; includeInIndex = 0; path = Pods_MovieSearch_MVI.framework; sourceTree = BUILT_PRODUCTS_DIR; };
		58B5CBAD5AA4DB0882259EE5 /* Pods-MovieSearch_MVI.debug.xcconfig */ = {isa = PBXFileReference; includeInIndex = 1; lastKnownFileType = text.xcconfig; name = "Pods-MovieSearch_MVI.debug.xcconfig"; path = "Target Support Files/Pods-MovieSearch_MVI/Pods-MovieSearch_MVI.debug.xcconfig"; sourceTree = "<group>"; };
		87BBC27F5CF768B7BE5DA132 /* Pods-MovieSearch_MVI.release.xcconfig */ = {isa = PBXFileReference; includeInIndex = 1; lastKnownFileType = text.xcconfig; name = "Pods-MovieSearch_MVI.release.xcconfig"; path = "Target Support Files/Pods-MovieSearch_MVI/Pods-MovieSearch_MVI.release.xcconfig"; sourceTree = "<group>"; };
		E02701042985D62700A0B9BE /* Apis.swift */ = {isa = PBXFileReference; lastKnownFileType = sourcecode.swift; path = Apis.swift; sourceTree = "<group>"; };
		E05F47D72985D3F600CAAFC7 /* ClubDetailPageModel.swift */ = {isa = PBXFileReference; lastKnownFileType = sourcecode.swift; path = ClubDetailPageModel.swift; sourceTree = "<group>"; };
		E05F47D92985D42300CAAFC7 /* CommonModel.swift */ = {isa = PBXFileReference; lastKnownFileType = sourcecode.swift; path = CommonModel.swift; sourceTree = "<group>"; };
		E0C7EEEE2985E5820025B4A5 /* DefineUrl.swift */ = {isa = PBXFileReference; lastKnownFileType = sourcecode.swift; path = DefineUrl.swift; sourceTree = "<group>"; };
		E0C7EEF02985E5F60025B4A5 /* TransModel.swift */ = {isa = PBXFileReference; lastKnownFileType = sourcecode.swift; path = TransModel.swift; sourceTree = "<group>"; };
		E0C7EEF52985E67A0025B4A5 /* DefineKey.swift */ = {isa = PBXFileReference; lastKnownFileType = sourcecode.swift; path = DefineKey.swift; sourceTree = "<group>"; };
		E0C7EF022985ED680025B4A5 /* CommonFunction.swift */ = {isa = PBXFileReference; lastKnownFileType = sourcecode.swift; path = CommonFunction.swift; sourceTree = "<group>"; };
		E0C7EF052985EFBA0025B4A5 /* LanguageManager.swift */ = {isa = PBXFileReference; lastKnownFileType = sourcecode.swift; path = LanguageManager.swift; sourceTree = "<group>"; };
		E0C7EF072985EFEA0025B4A5 /* DefineEnum.swift */ = {isa = PBXFileReference; lastKnownFileType = sourcecode.swift; path = DefineEnum.swift; sourceTree = "<group>"; };
		E0C7EF092985F01E0025B4A5 /* Apis+DetailPage.swift */ = {isa = PBXFileReference; lastKnownFileType = sourcecode.swift; path = "Apis+DetailPage.swift"; sourceTree = "<group>"; };
		E0C7EF0B2985F06A0025B4A5 /* ApiControl.swift */ = {isa = PBXFileReference; lastKnownFileType = sourcecode.swift; path = ApiControl.swift; sourceTree = "<group>"; };
		E0C7EF102985F1260025B4A5 /* ConfigModel.swift */ = {isa = PBXFileReference; lastKnownFileType = sourcecode.swift; path = ConfigModel.swift; sourceTree = "<group>"; };
		E0DA125C2985F5C900616579 /* ApiControl+DetailPage.swift */ = {isa = PBXFileReference; lastKnownFileType = sourcecode.swift; path = "ApiControl+DetailPage.swift"; sourceTree = "<group>"; };
		E0DA125E2985F76400616579 /* TestViewModel.swift */ = {isa = PBXFileReference; lastKnownFileType = sourcecode.swift; path = TestViewModel.swift; sourceTree = "<group>"; };
		E0FBF6442985B515004B3937 /* MovieSearch_MVI.app */ = {isa = PBXFileReference; explicitFileType = wrapper.application; includeInIndex = 0; path = MovieSearch_MVI.app; sourceTree = BUILT_PRODUCTS_DIR; };
		E0FBF6472985B515004B3937 /* MovieSearch_MVIApp.swift */ = {isa = PBXFileReference; lastKnownFileType = sourcecode.swift; path = MovieSearch_MVIApp.swift; sourceTree = "<group>"; };
		E0FBF6492985B515004B3937 /* ContentView.swift */ = {isa = PBXFileReference; lastKnownFileType = sourcecode.swift; path = ContentView.swift; sourceTree = "<group>"; };
		E0FBF64B2985B515004B3937 /* Assets.xcassets */ = {isa = PBXFileReference; lastKnownFileType = folder.assetcatalog; path = Assets.xcassets; sourceTree = "<group>"; };
		E0FBF64D2985B515004B3937 /* MovieSearch_MVI.entitlements */ = {isa = PBXFileReference; lastKnownFileType = text.plist.entitlements; path = MovieSearch_MVI.entitlements; sourceTree = "<group>"; };
		E0FBF64F2985B515004B3937 /* Preview Assets.xcassets */ = {isa = PBXFileReference; lastKnownFileType = folder.assetcatalog; path = "Preview Assets.xcassets"; sourceTree = "<group>"; };
/* End PBXFileReference section */

/* Begin PBXFrameworksBuildPhase section */
		E0FBF6412985B515004B3937 /* Frameworks */ = {
			isa = PBXFrameworksBuildPhase;
			buildActionMask = 2147483647;
			files = (
				7963653962A62F63E3A8D347 /* Pods_MovieSearch_MVI.framework in Frameworks */,
			);
			runOnlyForDeploymentPostprocessing = 0;
		};
/* End PBXFrameworksBuildPhase section */

/* Begin PBXGroup section */
		6AC662EB73188501A8FA645E /* Frameworks */ = {
			isa = PBXGroup;
			children = (
				32C27A800E3183F7DC4A7225 /* Pods_MovieSearch_MVI.framework */,
			);
			name = Frameworks;
			sourceTree = "<group>";
		};
		76C4608AA91A6DB7AB4D93AE /* Pods */ = {
			isa = PBXGroup;
			children = (
				58B5CBAD5AA4DB0882259EE5 /* Pods-MovieSearch_MVI.debug.xcconfig */,
				87BBC27F5CF768B7BE5DA132 /* Pods-MovieSearch_MVI.release.xcconfig */,
			);
			path = Pods;
			sourceTree = "<group>";
		};
		E05F47D02985CE0500CAAFC7 /* Resources */ = {
			isa = PBXGroup;
			children = (
			);
			path = Resources;
			sourceTree = "<group>";
		};
		E05F47D12985CE1800CAAFC7 /* Sources */ = {
			isa = PBXGroup;
			children = (
				E05F47D22985CE3000CAAFC7 /* Data, Define, Functions, Modifier, Extension, Modules, Db */,
			);
			path = Sources;
			sourceTree = "<group>";
		};
		E05F47D22985CE3000CAAFC7 /* Data, Define, Functions, Modifier, Extension, Modules, Db */ = {
			isa = PBXGroup;
			children = (
				E0C7EEED2985E5720025B4A5 /* 1. Define(Key, Enum, Size, Url) */,
				E0C7EF042985EFA10025B4A5 /* 2. Manager */,
				E0C7EF012985ED530025B4A5 /* 3. Common(Function, Size) */,
				E05F47D32985CE4200CAAFC7 /* 4. Api, Codables */,
			);
			path = "Data, Define, Functions, Modifier, Extension, Modules, Db";
			sourceTree = "<group>";
		};
		E05F47D32985CE4200CAAFC7 /* 4. Api, Codables */ = {
			isa = PBXGroup;
			children = (
				E05F47D42985CE5500CAAFC7 /* ApiControl */,
				E05F47D52985CE5F00CAAFC7 /* Apis */,
				E05F47D62985CE6900CAAFC7 /* Model */,
			);
			path = "4. Api, Codables";
			sourceTree = "<group>";
		};
		E05F47D42985CE5500CAAFC7 /* ApiControl */ = {
			isa = PBXGroup;
			children = (
				E0C7EF0B2985F06A0025B4A5 /* ApiControl.swift */,
				E0DA125C2985F5C900616579 /* ApiControl+DetailPage.swift */,
			);
			path = ApiControl;
			sourceTree = "<group>";
		};
		E05F47D52985CE5F00CAAFC7 /* Apis */ = {
			isa = PBXGroup;
			children = (
				E02701042985D62700A0B9BE /* Apis.swift */,
				E0C7EF092985F01E0025B4A5 /* Apis+DetailPage.swift */,
			);
			path = Apis;
			sourceTree = "<group>";
		};
		E05F47D62985CE6900CAAFC7 /* Model */ = {
			isa = PBXGroup;
			children = (
				E05F47D72985D3F600CAAFC7 /* ClubDetailPageModel.swift */,
				E05F47D92985D42300CAAFC7 /* CommonModel.swift */,
				E0C7EEF02985E5F60025B4A5 /* TransModel.swift */,
				E0C7EF102985F1260025B4A5 /* ConfigModel.swift */,
			);
			path = Model;
			sourceTree = "<group>";
		};
		E0C7EEED2985E5720025B4A5 /* 1. Define(Key, Enum, Size, Url) */ = {
			isa = PBXGroup;
			children = (
				E0C7EEEE2985E5820025B4A5 /* DefineUrl.swift */,
				E0C7EEF52985E67A0025B4A5 /* DefineKey.swift */,
				E0C7EF072985EFEA0025B4A5 /* DefineEnum.swift */,
			);
			path = "1. Define(Key, Enum, Size, Url)";
			sourceTree = "<group>";
		};
		E0C7EF012985ED530025B4A5 /* 3. Common(Function, Size) */ = {
			isa = PBXGroup;
			children = (
				E0C7EF022985ED680025B4A5 /* CommonFunction.swift */,
			);
			path = "3. Common(Function, Size)";
			sourceTree = "<group>";
		};
		E0C7EF042985EFA10025B4A5 /* 2. Manager */ = {
			isa = PBXGroup;
			children = (
				E0C7EF052985EFBA0025B4A5 /* LanguageManager.swift */,
			);
			path = "2. Manager";
			sourceTree = "<group>";
		};
		E0FBF63B2985B515004B3937 = {
			isa = PBXGroup;
			children = (
				E0FBF6462985B515004B3937 /* MovieSearch_MVI */,
				E0FBF6452985B515004B3937 /* Products */,
				76C4608AA91A6DB7AB4D93AE /* Pods */,
				6AC662EB73188501A8FA645E /* Frameworks */,
			);
			sourceTree = "<group>";
		};
		E0FBF6452985B515004B3937 /* Products */ = {
			isa = PBXGroup;
			children = (
				E0FBF6442985B515004B3937 /* MovieSearch_MVI.app */,
			);
			name = Products;
			sourceTree = "<group>";
		};
		E0FBF6462985B515004B3937 /* MovieSearch_MVI */ = {
			isa = PBXGroup;
			children = (
				E05F47D02985CE0500CAAFC7 /* Resources */,
				E05F47D12985CE1800CAAFC7 /* Sources */,
				E0FBF6472985B515004B3937 /* MovieSearch_MVIApp.swift */,
				E0FBF6492985B515004B3937 /* ContentView.swift */,
				E0DA125E2985F76400616579 /* TestViewModel.swift */,
				E0FBF64B2985B515004B3937 /* Assets.xcassets */,
				E0FBF64D2985B515004B3937 /* MovieSearch_MVI.entitlements */,
				E0FBF64E2985B515004B3937 /* Preview Content */,
			);
			path = MovieSearch_MVI;
			sourceTree = "<group>";
		};
		E0FBF64E2985B515004B3937 /* Preview Content */ = {
			isa = PBXGroup;
			children = (
				E0FBF64F2985B515004B3937 /* Preview Assets.xcassets */,
			);
			path = "Preview Content";
			sourceTree = "<group>";
		};
/* End PBXGroup section */

/* Begin PBXNativeTarget section */
		E0FBF6432985B515004B3937 /* MovieSearch_MVI */ = {
			isa = PBXNativeTarget;
			buildConfigurationList = E0FBF6532985B515004B3937 /* Build configuration list for PBXNativeTarget "MovieSearch_MVI" */;
			buildPhases = (
				6CFDA7663FC8457A9416DA94 /* [CP] Check Pods Manifest.lock */,
				E0FBF6402985B515004B3937 /* Sources */,
				E0FBF6412985B515004B3937 /* Frameworks */,
				E0FBF6422985B515004B3937 /* Resources */,
				19E54ECCC3A0129BD7D1C737 /* [CP] Embed Pods Frameworks */,
			);
			buildRules = (
			);
			dependencies = (
			);
			name = MovieSearch_MVI;
			productName = MovieSearch_MVI;
			productReference = E0FBF6442985B515004B3937 /* MovieSearch_MVI.app */;
			productType = "com.apple.product-type.application";
		};
/* End PBXNativeTarget section */

/* Begin PBXProject section */
		E0FBF63C2985B515004B3937 /* Project object */ = {
			isa = PBXProject;
			attributes = {
				BuildIndependentTargetsInParallel = 1;
				LastSwiftUpdateCheck = 1420;
				LastUpgradeCheck = 1420;
				TargetAttributes = {
					E0FBF6432985B515004B3937 = {
						CreatedOnToolsVersion = 14.2;
					};
				};
			};
			buildConfigurationList = E0FBF63F2985B515004B3937 /* Build configuration list for PBXProject "MovieSearch_MVI" */;
			compatibilityVersion = "Xcode 14.0";
			developmentRegion = en;
			hasScannedForEncodings = 0;
			knownRegions = (
				en,
				Base,
			);
			mainGroup = E0FBF63B2985B515004B3937;
			productRefGroup = E0FBF6452985B515004B3937 /* Products */;
			projectDirPath = "";
			projectRoot = "";
			targets = (
				E0FBF6432985B515004B3937 /* MovieSearch_MVI */,
			);
		};
/* End PBXProject section */

/* Begin PBXResourcesBuildPhase section */
		E0FBF6422985B515004B3937 /* Resources */ = {
			isa = PBXResourcesBuildPhase;
			buildActionMask = 2147483647;
			files = (
				E0FBF6502985B515004B3937 /* Preview Assets.xcassets in Resources */,
				E0FBF64C2985B515004B3937 /* Assets.xcassets in Resources */,
			);
			runOnlyForDeploymentPostprocessing = 0;
		};
/* End PBXResourcesBuildPhase section */

/* Begin PBXShellScriptBuildPhase section */
		19E54ECCC3A0129BD7D1C737 /* [CP] Embed Pods Frameworks */ = {
			isa = PBXShellScriptBuildPhase;
			buildActionMask = 2147483647;
			files = (
			);
			inputFileListPaths = (
				"${PODS_ROOT}/Target Support Files/Pods-MovieSearch_MVI/Pods-MovieSearch_MVI-frameworks-${CONFIGURATION}-input-files.xcfilelist",
			);
			name = "[CP] Embed Pods Frameworks";
			outputFileListPaths = (
				"${PODS_ROOT}/Target Support Files/Pods-MovieSearch_MVI/Pods-MovieSearch_MVI-frameworks-${CONFIGURATION}-output-files.xcfilelist",
			);
			runOnlyForDeploymentPostprocessing = 0;
			shellPath = /bin/sh;
			shellScript = "\"${PODS_ROOT}/Target Support Files/Pods-MovieSearch_MVI/Pods-MovieSearch_MVI-frameworks.sh\"\n";
			showEnvVarsInLog = 0;
		};
		6CFDA7663FC8457A9416DA94 /* [CP] Check Pods Manifest.lock */ = {
			isa = PBXShellScriptBuildPhase;
			buildActionMask = 2147483647;
			files = (
			);
			inputFileListPaths = (
			);
			inputPaths = (
				"${PODS_PODFILE_DIR_PATH}/Podfile.lock",
				"${PODS_ROOT}/Manifest.lock",
			);
			name = "[CP] Check Pods Manifest.lock";
			outputFileListPaths = (
			);
			outputPaths = (
				"$(DERIVED_FILE_DIR)/Pods-MovieSearch_MVI-checkManifestLockResult.txt",
			);
			runOnlyForDeploymentPostprocessing = 0;
			shellPath = /bin/sh;
			shellScript = "diff \"${PODS_PODFILE_DIR_PATH}/Podfile.lock\" \"${PODS_ROOT}/Manifest.lock\" > /dev/null\nif [ $? != 0 ] ; then\n    # print error to STDERR\n    echo \"error: The sandbox is not in sync with the Podfile.lock. Run 'pod install' or update your CocoaPods installation.\" >&2\n    exit 1\nfi\n# This output is used by Xcode 'outputs' to avoid re-running this script phase.\necho \"SUCCESS\" > \"${SCRIPT_OUTPUT_FILE_0}\"\n";
			showEnvVarsInLog = 0;
		};
/* End PBXShellScriptBuildPhase section */

/* Begin PBXSourcesBuildPhase section */
		E0FBF6402985B515004B3937 /* Sources */ = {
			isa = PBXSourcesBuildPhase;
			buildActionMask = 2147483647;
			files = (
				E0C7EF0C2985F06A0025B4A5 /* ApiControl.swift in Sources */,
				E0C7EF0A2985F01E0025B4A5 /* Apis+DetailPage.swift in Sources */,
				E0FBF64A2985B515004B3937 /* ContentView.swift in Sources */,
				E0C7EF112985F1260025B4A5 /* ConfigModel.swift in Sources */,
				E0C7EF032985ED680025B4A5 /* CommonFunction.swift in Sources */,
				E0DA125D2985F5C900616579 /* ApiControl+DetailPage.swift in Sources */,
				E0C7EEF12985E5F60025B4A5 /* TransModel.swift in Sources */,
				E0FBF6482985B515004B3937 /* MovieSearch_MVIApp.swift in Sources */,
				E0C7EF082985EFEA0025B4A5 /* DefineEnum.swift in Sources */,
				E0C7EEEF2985E5820025B4A5 /* DefineUrl.swift in Sources */,
				E0DA125F2985F76400616579 /* TestViewModel.swift in Sources */,
				E02701052985D62700A0B9BE /* Apis.swift in Sources */,
				E05F47DA2985D42300CAAFC7 /* CommonModel.swift in Sources */,
				E0C7EEF62985E67A0025B4A5 /* DefineKey.swift in Sources */,
				E05F47D82985D3F600CAAFC7 /* ClubDetailPageModel.swift in Sources */,
				E0C7EF062985EFBA0025B4A5 /* LanguageManager.swift in Sources */,
			);
			runOnlyForDeploymentPostprocessing = 0;
		};
/* End PBXSourcesBuildPhase section */

/* Begin XCBuildConfiguration section */
		E0FBF6512985B515004B3937 /* Debug */ = {
			isa = XCBuildConfiguration;
			buildSettings = {
				ALWAYS_SEARCH_USER_PATHS = NO;
				CLANG_ANALYZER_NONNULL = YES;
				CLANG_ANALYZER_NUMBER_OBJECT_CONVERSION = YES_AGGRESSIVE;
				CLANG_CXX_LANGUAGE_STANDARD = "gnu++20";
				CLANG_ENABLE_MODULES = YES;
				CLANG_ENABLE_OBJC_ARC = YES;
				CLANG_ENABLE_OBJC_WEAK = YES;
				CLANG_WARN_BLOCK_CAPTURE_AUTORELEASING = YES;
				CLANG_WARN_BOOL_CONVERSION = YES;
				CLANG_WARN_COMMA = YES;
				CLANG_WARN_CONSTANT_CONVERSION = YES;
				CLANG_WARN_DEPRECATED_OBJC_IMPLEMENTATIONS = YES;
				CLANG_WARN_DIRECT_OBJC_ISA_USAGE = YES_ERROR;
				CLANG_WARN_DOCUMENTATION_COMMENTS = YES;
				CLANG_WARN_EMPTY_BODY = YES;
				CLANG_WARN_ENUM_CONVERSION = YES;
				CLANG_WARN_INFINITE_RECURSION = YES;
				CLANG_WARN_INT_CONVERSION = YES;
				CLANG_WARN_NON_LITERAL_NULL_CONVERSION = YES;
				CLANG_WARN_OBJC_IMPLICIT_RETAIN_SELF = YES;
				CLANG_WARN_OBJC_LITERAL_CONVERSION = YES;
				CLANG_WARN_OBJC_ROOT_CLASS = YES_ERROR;
				CLANG_WARN_QUOTED_INCLUDE_IN_FRAMEWORK_HEADER = YES;
				CLANG_WARN_RANGE_LOOP_ANALYSIS = YES;
				CLANG_WARN_STRICT_PROTOTYPES = YES;
				CLANG_WARN_SUSPICIOUS_MOVE = YES;
				CLANG_WARN_UNGUARDED_AVAILABILITY = YES_AGGRESSIVE;
				CLANG_WARN_UNREACHABLE_CODE = YES;
				CLANG_WARN__DUPLICATE_METHOD_MATCH = YES;
				COPY_PHASE_STRIP = NO;
				DEBUG_INFORMATION_FORMAT = dwarf;
				ENABLE_STRICT_OBJC_MSGSEND = YES;
				ENABLE_TESTABILITY = YES;
				GCC_C_LANGUAGE_STANDARD = gnu11;
				GCC_DYNAMIC_NO_PIC = NO;
				GCC_NO_COMMON_BLOCKS = YES;
				GCC_OPTIMIZATION_LEVEL = 0;
				GCC_PREPROCESSOR_DEFINITIONS = (
					"DEBUG=1",
					"$(inherited)",
				);
				GCC_WARN_64_TO_32_BIT_CONVERSION = YES;
				GCC_WARN_ABOUT_RETURN_TYPE = YES_ERROR;
				GCC_WARN_UNDECLARED_SELECTOR = YES;
				GCC_WARN_UNINITIALIZED_AUTOS = YES_AGGRESSIVE;
				GCC_WARN_UNUSED_FUNCTION = YES;
				GCC_WARN_UNUSED_VARIABLE = YES;
				MTL_ENABLE_DEBUG_INFO = INCLUDE_SOURCE;
				MTL_FAST_MATH = YES;
				ONLY_ACTIVE_ARCH = YES;
				SWIFT_ACTIVE_COMPILATION_CONDITIONS = DEBUG;
				SWIFT_OPTIMIZATION_LEVEL = "-Onone";
			};
			name = Debug;
		};
		E0FBF6522985B515004B3937 /* Release */ = {
			isa = XCBuildConfiguration;
			buildSettings = {
				ALWAYS_SEARCH_USER_PATHS = NO;
				CLANG_ANALYZER_NONNULL = YES;
				CLANG_ANALYZER_NUMBER_OBJECT_CONVERSION = YES_AGGRESSIVE;
				CLANG_CXX_LANGUAGE_STANDARD = "gnu++20";
				CLANG_ENABLE_MODULES = YES;
				CLANG_ENABLE_OBJC_ARC = YES;
				CLANG_ENABLE_OBJC_WEAK = YES;
				CLANG_WARN_BLOCK_CAPTURE_AUTORELEASING = YES;
				CLANG_WARN_BOOL_CONVERSION = YES;
				CLANG_WARN_COMMA = YES;
				CLANG_WARN_CONSTANT_CONVERSION = YES;
				CLANG_WARN_DEPRECATED_OBJC_IMPLEMENTATIONS = YES;
				CLANG_WARN_DIRECT_OBJC_ISA_USAGE = YES_ERROR;
				CLANG_WARN_DOCUMENTATION_COMMENTS = YES;
				CLANG_WARN_EMPTY_BODY = YES;
				CLANG_WARN_ENUM_CONVERSION = YES;
				CLANG_WARN_INFINITE_RECURSION = YES;
				CLANG_WARN_INT_CONVERSION = YES;
				CLANG_WARN_NON_LITERAL_NULL_CONVERSION = YES;
				CLANG_WARN_OBJC_IMPLICIT_RETAIN_SELF = YES;
				CLANG_WARN_OBJC_LITERAL_CONVERSION = YES;
				CLANG_WARN_OBJC_ROOT_CLASS = YES_ERROR;
				CLANG_WARN_QUOTED_INCLUDE_IN_FRAMEWORK_HEADER = YES;
				CLANG_WARN_RANGE_LOOP_ANALYSIS = YES;
				CLANG_WARN_STRICT_PROTOTYPES = YES;
				CLANG_WARN_SUSPICIOUS_MOVE = YES;
				CLANG_WARN_UNGUARDED_AVAILABILITY = YES_AGGRESSIVE;
				CLANG_WARN_UNREACHABLE_CODE = YES;
				CLANG_WARN__DUPLICATE_METHOD_MATCH = YES;
				COPY_PHASE_STRIP = NO;
				DEBUG_INFORMATION_FORMAT = "dwarf-with-dsym";
				ENABLE_NS_ASSERTIONS = NO;
				ENABLE_STRICT_OBJC_MSGSEND = YES;
				GCC_C_LANGUAGE_STANDARD = gnu11;
				GCC_NO_COMMON_BLOCKS = YES;
				GCC_WARN_64_TO_32_BIT_CONVERSION = YES;
				GCC_WARN_ABOUT_RETURN_TYPE = YES_ERROR;
				GCC_WARN_UNDECLARED_SELECTOR = YES;
				GCC_WARN_UNINITIALIZED_AUTOS = YES_AGGRESSIVE;
				GCC_WARN_UNUSED_FUNCTION = YES;
				GCC_WARN_UNUSED_VARIABLE = YES;
				MTL_ENABLE_DEBUG_INFO = NO;
				MTL_FAST_MATH = YES;
				SWIFT_COMPILATION_MODE = wholemodule;
				SWIFT_OPTIMIZATION_LEVEL = "-O";
			};
			name = Release;
		};
		E0FBF6542985B515004B3937 /* Debug */ = {
			isa = XCBuildConfiguration;
			baseConfigurationReference = 58B5CBAD5AA4DB0882259EE5 /* Pods-MovieSearch_MVI.debug.xcconfig */;
			buildSettings = {
				ASSETCATALOG_COMPILER_APPICON_NAME = AppIcon;
				ASSETCATALOG_COMPILER_GLOBAL_ACCENT_COLOR_NAME = AccentColor;
				CODE_SIGN_ENTITLEMENTS = MovieSearch_MVI/MovieSearch_MVI.entitlements;
				CODE_SIGN_STYLE = Automatic;
				CURRENT_PROJECT_VERSION = 1;
				DEVELOPMENT_ASSET_PATHS = "\"MovieSearch_MVI/Preview Content\"";
				DEVELOPMENT_TEAM = VL26KX92Q7;
				ENABLE_HARDENED_RUNTIME = YES;
				ENABLE_PREVIEWS = YES;
				GENERATE_INFOPLIST_FILE = YES;
				"INFOPLIST_KEY_UIApplicationSceneManifest_Generation[sdk=iphoneos*]" = YES;
				"INFOPLIST_KEY_UIApplicationSceneManifest_Generation[sdk=iphonesimulator*]" = YES;
				"INFOPLIST_KEY_UIApplicationSupportsIndirectInputEvents[sdk=iphoneos*]" = YES;
				"INFOPLIST_KEY_UIApplicationSupportsIndirectInputEvents[sdk=iphonesimulator*]" = YES;
				"INFOPLIST_KEY_UILaunchScreen_Generation[sdk=iphoneos*]" = YES;
				"INFOPLIST_KEY_UILaunchScreen_Generation[sdk=iphonesimulator*]" = YES;
				"INFOPLIST_KEY_UIStatusBarStyle[sdk=iphoneos*]" = UIStatusBarStyleDefault;
				"INFOPLIST_KEY_UIStatusBarStyle[sdk=iphonesimulator*]" = UIStatusBarStyleDefault;
				INFOPLIST_KEY_UISupportedInterfaceOrientations_iPad = "UIInterfaceOrientationPortrait UIInterfaceOrientationPortraitUpsideDown UIInterfaceOrientationLandscapeLeft UIInterfaceOrientationLandscapeRight";
				INFOPLIST_KEY_UISupportedInterfaceOrientations_iPhone = "UIInterfaceOrientationPortrait UIInterfaceOrientationLandscapeLeft UIInterfaceOrientationLandscapeRight";
				IPHONEOS_DEPLOYMENT_TARGET = 16.2;
				LD_RUNPATH_SEARCH_PATHS = "@executable_path/Frameworks";
				"LD_RUNPATH_SEARCH_PATHS[sdk=macosx*]" = "@executable_path/../Frameworks";
				MACOSX_DEPLOYMENT_TARGET = 13.1;
				MARKETING_VERSION = 1.0;
				PRODUCT_BUNDLE_IDENTIFIER = "com.idpil.MovieSearch-MVI";
				PRODUCT_NAME = "$(TARGET_NAME)";
				SDKROOT = auto;
				SUPPORTED_PLATFORMS = "iphoneos iphonesimulator macosx";
				SWIFT_EMIT_LOC_STRINGS = YES;
				SWIFT_VERSION = 5.0;
				TARGETED_DEVICE_FAMILY = "1,2";
			};
			name = Debug;
		};
		E0FBF6552985B515004B3937 /* Release */ = {
			isa = XCBuildConfiguration;
			baseConfigurationReference = 87BBC27F5CF768B7BE5DA132 /* Pods-MovieSearch_MVI.release.xcconfig */;
			buildSettings = {
				ASSETCATALOG_COMPILER_APPICON_NAME = AppIcon;
				ASSETCATALOG_COMPILER_GLOBAL_ACCENT_COLOR_NAME = AccentColor;
				CODE_SIGN_ENTITLEMENTS = MovieSearch_MVI/MovieSearch_MVI.entitlements;
				CODE_SIGN_STYLE = Automatic;
				CURRENT_PROJECT_VERSION = 1;
				DEVELOPMENT_ASSET_PATHS = "\"MovieSearch_MVI/Preview Content\"";
				DEVELOPMENT_TEAM = VL26KX92Q7;
				ENABLE_HARDENED_RUNTIME = YES;
				ENABLE_PREVIEWS = YES;
				GENERATE_INFOPLIST_FILE = YES;
				"INFOPLIST_KEY_UIApplicationSceneManifest_Generation[sdk=iphoneos*]" = YES;
				"INFOPLIST_KEY_UIApplicationSceneManifest_Generation[sdk=iphonesimulator*]" = YES;
				"INFOPLIST_KEY_UIApplicationSupportsIndirectInputEvents[sdk=iphoneos*]" = YES;
				"INFOPLIST_KEY_UIApplicationSupportsIndirectInputEvents[sdk=iphonesimulator*]" = YES;
				"INFOPLIST_KEY_UILaunchScreen_Generation[sdk=iphoneos*]" = YES;
				"INFOPLIST_KEY_UILaunchScreen_Generation[sdk=iphonesimulator*]" = YES;
				"INFOPLIST_KEY_UIStatusBarStyle[sdk=iphoneos*]" = UIStatusBarStyleDefault;
				"INFOPLIST_KEY_UIStatusBarStyle[sdk=iphonesimulator*]" = UIStatusBarStyleDefault;
				INFOPLIST_KEY_UISupportedInterfaceOrientations_iPad = "UIInterfaceOrientationPortrait UIInterfaceOrientationPortraitUpsideDown UIInterfaceOrientationLandscapeLeft UIInterfaceOrientationLandscapeRight";
				INFOPLIST_KEY_UISupportedInterfaceOrientations_iPhone = "UIInterfaceOrientationPortrait UIInterfaceOrientationLandscapeLeft UIInterfaceOrientationLandscapeRight";
				IPHONEOS_DEPLOYMENT_TARGET = 16.2;
				LD_RUNPATH_SEARCH_PATHS = "@executable_path/Frameworks";
				"LD_RUNPATH_SEARCH_PATHS[sdk=macosx*]" = "@executable_path/../Frameworks";
				MACOSX_DEPLOYMENT_TARGET = 13.1;
				MARKETING_VERSION = 1.0;
				PRODUCT_BUNDLE_IDENTIFIER = "com.idpil.MovieSearch-MVI";
				PRODUCT_NAME = "$(TARGET_NAME)";
				SDKROOT = auto;
				SUPPORTED_PLATFORMS = "iphoneos iphonesimulator macosx";
				SWIFT_EMIT_LOC_STRINGS = YES;
				SWIFT_VERSION = 5.0;
				TARGETED_DEVICE_FAMILY = "1,2";
			};
			name = Release;
		};
/* End XCBuildConfiguration section */

/* Begin XCConfigurationList section */
		E0FBF63F2985B515004B3937 /* Build configuration list for PBXProject "MovieSearch_MVI" */ = {
			isa = XCConfigurationList;
			buildConfigurations = (
				E0FBF6512985B515004B3937 /* Debug */,
				E0FBF6522985B515004B3937 /* Release */,
			);
			defaultConfigurationIsVisible = 0;
			defaultConfigurationName = Release;
		};
		E0FBF6532985B515004B3937 /* Build configuration list for PBXNativeTarget "MovieSearch_MVI" */ = {
			isa = XCConfigurationList;
			buildConfigurations = (
				E0FBF6542985B515004B3937 /* Debug */,
				E0FBF6552985B515004B3937 /* Release */,
			);
			defaultConfigurationIsVisible = 0;
			defaultConfigurationName = Release;
		};
/* End XCConfigurationList section */
	};
	rootObject = E0FBF63C2985B515004B3937 /* Project object */;
}
